
Microsoft Visual Studio Solution File, Format Version 12.00
# Visual Studio Version 17
VisualStudioVersion = 17.10.34928.147
MinimumVisualStudioVersion = 10.0.40219.1
Project("{FAE04EC0-301F-11D3-BF4B-00C04F79EFBC}") = "CarDealership", "CarDealership\CarDealership.csproj", "{CAD508C8-7352-480E-A568-CBADF3961E6A}"
EndProject
Global
	GlobalSection(SolutionConfigurationPlatforms) = preSolution
		Debug|Any CPU = Debug|Any CPU
		Release|Any CPU = Release|Any CPU
	EndGlobalSection
	GlobalSection(ProjectConfigurationPlatforms) = postSolution
		{CAD508C8-7352-480E-A568-CBADF3961E6A}.Debug|Any CPU.ActiveCfg = Debug|Any CPU
		{CAD508C8-7352-480E-A568-CBADF3961E6A}.Debug|Any CPU.Build.0 = Debug|Any CPU
		{CAD508C8-7352-480E-A568-CBADF3961E6A}.Release|Any CPU.ActiveCfg = Release|Any CPU
		{CAD508C8-7352-480E-A568-CBADF3961E6A}.Release|Any CPU.Build.0 = Release|Any CPU
	EndGlobalSection
	GlobalSection(SolutionProperties) = preSolution
		HideSolutionNode = FALSE
	EndGlobalSection
	GlobalSection(ExtensibilityGlobals) = postSolution
		SolutionGuid = {6B03DA71-5B4F-4F0B-9DEB-CB511254ACDB}
	EndGlobalSection
EndGlobal
